# This file is generated by running "yarn install" inside your project.
# Manual changes might be lost - proceed with caution!

__metadata:
  version: 8
  cacheKey: 10c0

"@cspotcode/source-map-support@npm:^0.8.0":
  version: 0.8.1
  resolution: "@cspotcode/source-map-support@npm:0.8.1"
  dependencies:
    "@jridgewell/trace-mapping": "npm:0.3.9"
  checksum: 10c0/05c5368c13b662ee4c122c7bfbe5dc0b613416672a829f3e78bc49a357a197e0218d6e74e7c66cfcd04e15a179acab080bd3c69658c9fbefd0e1ccd950a07fc6
  languageName: node
  linkType: hard

"@jridgewell/resolve-uri@npm:^3.0.3":
  version: 3.1.2
  resolution: "@jridgewell/resolve-uri@npm:3.1.2"
  checksum: 10c0/d502e6fb516b35032331406d4e962c21fe77cdf1cbdb49c6142bcbd9e30507094b18972778a6e27cbad756209cfe34b1a27729e6fa08a2eb92b33943f680cf1e
  languageName: node
  linkType: hard

"@jridgewell/sourcemap-codec@npm:^1.4.10":
  version: 1.5.0
  resolution: "@jridgewell/sourcemap-codec@npm:1.5.0"
  checksum: 10c0/2eb864f276eb1096c3c11da3e9bb518f6d9fc0023c78344cdc037abadc725172c70314bdb360f2d4b7bffec7f5d657ce006816bc5d4ecb35e61b66132db00c18
  languageName: node
  linkType: hard

"@jridgewell/trace-mapping@npm:0.3.9":
  version: 0.3.9
  resolution: "@jridgewell/trace-mapping@npm:0.3.9"
  dependencies:
    "@jridgewell/resolve-uri": "npm:^3.0.3"
    "@jridgewell/sourcemap-codec": "npm:^1.4.10"
  checksum: 10c0/fa425b606d7c7ee5bfa6a31a7b050dd5814b4082f318e0e4190f991902181b4330f43f4805db1dd4f2433fd0ed9cc7a7b9c2683f1deeab1df1b0a98b1e24055b
  languageName: node
  linkType: hard

"@modelcontextprotocol/sdk@npm:1.10.1":
  version: 1.10.1
  resolution: "@modelcontextprotocol/sdk@npm:1.10.1"
  dependencies:
    content-type: "npm:^1.0.5"
    cors: "npm:^2.8.5"
    cross-spawn: "npm:^7.0.3"
    eventsource: "npm:^3.0.2"
    express: "npm:^5.0.1"
    express-rate-limit: "npm:^7.5.0"
    pkce-challenge: "npm:^5.0.0"
    raw-body: "npm:^3.0.0"
    zod: "npm:^3.23.8"
    zod-to-json-schema: "npm:^3.24.1"
  checksum: 10c0/375a7a7c2753f3bbf9b0cb57d5515d74be1845c5d42567cfc83ed48ca853cb37c195b830580e72df9969632b2cc53f70d37440ef5531c0bd2cb031bbb0aaf2e2
  languageName: node
  linkType: hard

"@tsconfig/node10@npm:^1.0.7":
  version: 1.0.11
  resolution: "@tsconfig/node10@npm:1.0.11"
  checksum: 10c0/28a0710e5d039e0de484bdf85fee883bfd3f6a8980601f4d44066b0a6bcd821d31c4e231d1117731c4e24268bd4cf2a788a6787c12fc7f8d11014c07d582783c
  languageName: node
  linkType: hard

"@tsconfig/node12@npm:^1.0.7":
  version: 1.0.11
  resolution: "@tsconfig/node12@npm:1.0.11"
  checksum: 10c0/dddca2b553e2bee1308a056705103fc8304e42bb2d2cbd797b84403a223b25c78f2c683ec3e24a095e82cd435387c877239bffcb15a590ba817cd3f6b9a99fd9
  languageName: node
  linkType: hard

"@tsconfig/node14@npm:^1.0.0":
  version: 1.0.3
  resolution: "@tsconfig/node14@npm:1.0.3"
  checksum: 10c0/67c1316d065fdaa32525bc9449ff82c197c4c19092b9663b23213c8cbbf8d88b6ed6a17898e0cbc2711950fbfaf40388938c1c748a2ee89f7234fc9e7fe2bf44
  languageName: node
  linkType: hard

"@tsconfig/node16@npm:^1.0.2":
  version: 1.0.4
  resolution: "@tsconfig/node16@npm:1.0.4"
  checksum: 10c0/05f8f2734e266fb1839eb1d57290df1664fe2aa3b0fdd685a9035806daa635f7519bf6d5d9b33f6e69dd545b8c46bd6e2b5c79acb2b1f146e885f7f11a42a5bb
  languageName: node
  linkType: hard

"@types/node@npm:^20.0.0":
  version: 20.17.30
  resolution: "@types/node@npm:20.17.30"
  dependencies:
    undici-types: "npm:~6.19.2"
  checksum: 10c0/649782c7822367d751472d70c948bcc50cded1a4744610f706f81cd54e1fc015523567d7e3e17f6b19e3e2797f6f23b653e898bdb4a2f21f8759ceba49976310
  languageName: node
  linkType: hard

"accepts@npm:^2.0.0":
  version: 2.0.0
  resolution: "accepts@npm:2.0.0"
  dependencies:
    mime-types: "npm:^3.0.0"
    negotiator: "npm:^1.0.0"
  checksum: 10c0/98374742097e140891546076215f90c32644feacf652db48412329de4c2a529178a81aa500fbb13dd3e6cbf6e68d829037b123ac037fc9a08bcec4b87b358eef
  languageName: node
  linkType: hard

"acorn-walk@npm:^8.1.1":
  version: 8.3.4
  resolution: "acorn-walk@npm:8.3.4"
  dependencies:
    acorn: "npm:^8.11.0"
  checksum: 10c0/76537ac5fb2c37a64560feaf3342023dadc086c46da57da363e64c6148dc21b57d49ace26f949e225063acb6fb441eabffd89f7a3066de5ad37ab3e328927c62
  languageName: node
  linkType: hard

"acorn@npm:^8.11.0, acorn@npm:^8.4.1":
  version: 8.14.1
  resolution: "acorn@npm:8.14.1"
  bin:
    acorn: bin/acorn
  checksum: 10c0/dbd36c1ed1d2fa3550140000371fcf721578095b18777b85a79df231ca093b08edc6858d75d6e48c73e431c174dcf9214edbd7e6fa5911b93bd8abfa54e47123
  languageName: node
  linkType: hard

"arg@npm:^4.1.0":
  version: 4.1.3
  resolution: "arg@npm:4.1.3"
  checksum: 10c0/070ff801a9d236a6caa647507bdcc7034530604844d64408149a26b9e87c2f97650055c0f049abd1efc024b334635c01f29e0b632b371ac3f26130f4cf65997a
  languageName: node
  linkType: hard

"body-parser@npm:^2.2.0":
  version: 2.2.0
  resolution: "body-parser@npm:2.2.0"
  dependencies:
    bytes: "npm:^3.1.2"
    content-type: "npm:^1.0.5"
    debug: "npm:^4.4.0"
    http-errors: "npm:^2.0.0"
    iconv-lite: "npm:^0.6.3"
    on-finished: "npm:^2.4.1"
    qs: "npm:^6.14.0"
    raw-body: "npm:^3.0.0"
    type-is: "npm:^2.0.0"
  checksum: 10c0/a9ded39e71ac9668e2211afa72e82ff86cc5ef94de1250b7d1ba9cc299e4150408aaa5f1e8b03dd4578472a3ce6d1caa2a23b27a6c18e526e48b4595174c116c
  languageName: node
  linkType: hard

"bytes@npm:3.1.2, bytes@npm:^3.1.2":
  version: 3.1.2
  resolution: "bytes@npm:3.1.2"
  checksum: 10c0/76d1c43cbd602794ad8ad2ae94095cddeb1de78c5dddaa7005c51af10b0176c69971a6d88e805a90c2b6550d76636e43c40d8427a808b8645ede885de4a0358e
  languageName: node
  linkType: hard

"call-bind-apply-helpers@npm:^1.0.1, call-bind-apply-helpers@npm:^1.0.2":
  version: 1.0.2
  resolution: "call-bind-apply-helpers@npm:1.0.2"
  dependencies:
    es-errors: "npm:^1.3.0"
    function-bind: "npm:^1.1.2"
  checksum: 10c0/47bd9901d57b857590431243fea704ff18078b16890a6b3e021e12d279bbf211d039155e27d7566b374d49ee1f8189344bac9833dec7a20cdec370506361c938
  languageName: node
  linkType: hard

"call-bound@npm:^1.0.2":
  version: 1.0.4
  resolution: "call-bound@npm:1.0.4"
  dependencies:
    call-bind-apply-helpers: "npm:^1.0.2"
    get-intrinsic: "npm:^1.3.0"
  checksum: 10c0/f4796a6a0941e71c766aea672f63b72bc61234c4f4964dc6d7606e3664c307e7d77845328a8f3359ce39ddb377fed67318f9ee203dea1d47e46165dcf2917644
  languageName: node
  linkType: hard

"content-disposition@npm:^1.0.0":
  version: 1.0.0
  resolution: "content-disposition@npm:1.0.0"
  dependencies:
    safe-buffer: "npm:5.2.1"
  checksum: 10c0/c7b1ba0cea2829da0352ebc1b7f14787c73884bc707c8bc2271d9e3bf447b372270d09f5d3980dc5037c749ceef56b9a13fccd0b0001c87c3f12579967e4dd27
  languageName: node
  linkType: hard

"content-type@npm:^1.0.5":
  version: 1.0.5
  resolution: "content-type@npm:1.0.5"
  checksum: 10c0/b76ebed15c000aee4678c3707e0860cb6abd4e680a598c0a26e17f0bfae723ec9cc2802f0ff1bc6e4d80603719010431d2231018373d4dde10f9ccff9dadf5af
  languageName: node
  linkType: hard

"cookie-signature@npm:^1.2.1":
  version: 1.2.2
  resolution: "cookie-signature@npm:1.2.2"
  checksum: 10c0/54e05df1a293b3ce81589b27dddc445f462f6fa6812147c033350cd3561a42bc14481674e05ed14c7bd0ce1e8bb3dc0e40851bad75415733711294ddce0b7bc6
  languageName: node
  linkType: hard

"cookie@npm:^0.7.1":
  version: 0.7.2
  resolution: "cookie@npm:0.7.2"
  checksum: 10c0/9596e8ccdbf1a3a88ae02cf5ee80c1c50959423e1022e4e60b91dd87c622af1da309253d8abdb258fb5e3eacb4f08e579dc58b4897b8087574eee0fd35dfa5d2
  languageName: node
  linkType: hard

"cors@npm:^2.8.5":
  version: 2.8.5
  resolution: "cors@npm:2.8.5"
  dependencies:
    object-assign: "npm:^4"
    vary: "npm:^1"
  checksum: 10c0/373702b7999409922da80de4a61938aabba6929aea5b6fd9096fefb9e8342f626c0ebd7507b0e8b0b311380744cc985f27edebc0a26e0ddb784b54e1085de761
  languageName: node
  linkType: hard

"create-require@npm:^1.1.0":
  version: 1.1.1
  resolution: "create-require@npm:1.1.1"
  checksum: 10c0/157cbc59b2430ae9a90034a5f3a1b398b6738bf510f713edc4d4e45e169bc514d3d99dd34d8d01ca7ae7830b5b8b537e46ae8f3c8f932371b0875c0151d7ec91
  languageName: node
  linkType: hard

"cross-spawn@npm:^7.0.3":
  version: 7.0.6
  resolution: "cross-spawn@npm:7.0.6"
  dependencies:
    path-key: "npm:^3.1.0"
    shebang-command: "npm:^2.0.0"
    which: "npm:^2.0.1"
  checksum: 10c0/053ea8b2135caff68a9e81470e845613e374e7309a47731e81639de3eaeb90c3d01af0e0b44d2ab9d50b43467223b88567dfeb3262db942dc063b9976718ffc1
  languageName: node
  linkType: hard

"debug@npm:^4.3.5, debug@npm:^4.4.0":
  version: 4.4.0
  resolution: "debug@npm:4.4.0"
  dependencies:
    ms: "npm:^2.1.3"
  peerDependenciesMeta:
    supports-color:
      optional: true
  checksum: 10c0/db94f1a182bf886f57b4755f85b3a74c39b5114b9377b7ab375dc2cfa3454f09490cc6c30f829df3fc8042bc8b8995f6567ce5cd96f3bc3688bd24027197d9de
  languageName: node
  linkType: hard

"depd@npm:2.0.0, depd@npm:^2.0.0":
  version: 2.0.0
  resolution: "depd@npm:2.0.0"
  checksum: 10c0/58bd06ec20e19529b06f7ad07ddab60e504d9e0faca4bd23079fac2d279c3594334d736508dc350e06e510aba5e22e4594483b3a6562ce7c17dd797f4cc4ad2c
  languageName: node
  linkType: hard

"diff@npm:^4.0.1":
  version: 4.0.2
  resolution: "diff@npm:4.0.2"
  checksum: 10c0/81b91f9d39c4eaca068eb0c1eb0e4afbdc5bb2941d197f513dd596b820b956fef43485876226d65d497bebc15666aa2aa82c679e84f65d5f2bfbf14ee46e32c1
  languageName: node
  linkType: hard

"dunder-proto@npm:^1.0.1":
  version: 1.0.1
  resolution: "dunder-proto@npm:1.0.1"
  dependencies:
    call-bind-apply-helpers: "npm:^1.0.1"
    es-errors: "npm:^1.3.0"
    gopd: "npm:^1.2.0"
  checksum: 10c0/199f2a0c1c16593ca0a145dbf76a962f8033ce3129f01284d48c45ed4e14fea9bbacd7b3610b6cdc33486cef20385ac054948fefc6272fcce645c09468f93031
  languageName: node
  linkType: hard

"ee-first@npm:1.1.1":
  version: 1.1.1
  resolution: "ee-first@npm:1.1.1"
  checksum: 10c0/b5bb125ee93161bc16bfe6e56c6b04de5ad2aa44234d8f644813cc95d861a6910903132b05093706de2b706599367c4130eb6d170f6b46895686b95f87d017b7
  languageName: node
  linkType: hard

"encodeurl@npm:^2.0.0":
  version: 2.0.0
  resolution: "encodeurl@npm:2.0.0"
  checksum: 10c0/5d317306acb13e6590e28e27924c754163946a2480de11865c991a3a7eed4315cd3fba378b543ca145829569eefe9b899f3d84bb09870f675ae60bc924b01ceb
  languageName: node
  linkType: hard

"es-define-property@npm:^1.0.1":
  version: 1.0.1
  resolution: "es-define-property@npm:1.0.1"
  checksum: 10c0/3f54eb49c16c18707949ff25a1456728c883e81259f045003499efba399c08bad00deebf65cccde8c0e07908c1a225c9d472b7107e558f2a48e28d530e34527c
  languageName: node
  linkType: hard

"es-errors@npm:^1.3.0":
  version: 1.3.0
  resolution: "es-errors@npm:1.3.0"
  checksum: 10c0/0a61325670072f98d8ae3b914edab3559b6caa980f08054a3b872052640d91da01d38df55df797fcc916389d77fc92b8d5906cf028f4db46d7e3003abecbca85
  languageName: node
  linkType: hard

"es-object-atoms@npm:^1.0.0, es-object-atoms@npm:^1.1.1":
  version: 1.1.1
  resolution: "es-object-atoms@npm:1.1.1"
  dependencies:
    es-errors: "npm:^1.3.0"
  checksum: 10c0/65364812ca4daf48eb76e2a3b7a89b3f6a2e62a1c420766ce9f692665a29d94fe41fe88b65f24106f449859549711e4b40d9fb8002d862dfd7eb1c512d10be0c
  languageName: node
  linkType: hard

"escape-html@npm:^1.0.3":
  version: 1.0.3
  resolution: "escape-html@npm:1.0.3"
  checksum: 10c0/524c739d776b36c3d29fa08a22e03e8824e3b2fd57500e5e44ecf3cc4707c34c60f9ca0781c0e33d191f2991161504c295e98f68c78fe7baa6e57081ec6ac0a3
  languageName: node
  linkType: hard

"etag@npm:^1.8.1":
  version: 1.8.1
  resolution: "etag@npm:1.8.1"
  checksum: 10c0/12be11ef62fb9817314d790089a0a49fae4e1b50594135dcb8076312b7d7e470884b5100d249b28c18581b7fd52f8b485689ffae22a11ed9ec17377a33a08f84
  languageName: node
  linkType: hard

"eventsource-parser@npm:^3.0.1":
  version: 3.0.1
  resolution: "eventsource-parser@npm:3.0.1"
  checksum: 10c0/146ce5ae8325d07645a49bbc54d7ac3aef42f5138bfbbe83d5cf96293b50eab2219926d6cf41eed0a0f90132578089652ba9286a19297662900133a9da6c2fd0
  languageName: node
  linkType: hard

"eventsource@npm:^3.0.2":
  version: 3.0.6
  resolution: "eventsource@npm:3.0.6"
  dependencies:
    eventsource-parser: "npm:^3.0.1"
  checksum: 10c0/074d865ea1c7e29e3243f85a13306e89fca2d775b982dca03fa6bfa75c56827fa89cf1ab9e730db24bd6b104cbdcae074f2b37ba498874e9dd9710fbff4979bb
  languageName: node
  linkType: hard

"express-rate-limit@npm:^7.5.0":
  version: 7.5.0
  resolution: "express-rate-limit@npm:7.5.0"
  peerDependencies:
    express: ^4.11 || 5 || ^5.0.0-beta.1
  checksum: 10c0/3e96afa05b4f577395688ede37e0cb19901f20c350b32575fb076f3d25176209fb88d3648151755c232aaf304147c58531f070757978f376e2f08326449299fd
  languageName: node
  linkType: hard

"express@npm:^5.0.1":
  version: 5.1.0
  resolution: "express@npm:5.1.0"
  dependencies:
    accepts: "npm:^2.0.0"
    body-parser: "npm:^2.2.0"
    content-disposition: "npm:^1.0.0"
    content-type: "npm:^1.0.5"
    cookie: "npm:^0.7.1"
    cookie-signature: "npm:^1.2.1"
    debug: "npm:^4.4.0"
    encodeurl: "npm:^2.0.0"
    escape-html: "npm:^1.0.3"
    etag: "npm:^1.8.1"
    finalhandler: "npm:^2.1.0"
    fresh: "npm:^2.0.0"
    http-errors: "npm:^2.0.0"
    merge-descriptors: "npm:^2.0.0"
    mime-types: "npm:^3.0.0"
    on-finished: "npm:^2.4.1"
    once: "npm:^1.4.0"
    parseurl: "npm:^1.3.3"
    proxy-addr: "npm:^2.0.7"
    qs: "npm:^6.14.0"
    range-parser: "npm:^1.2.1"
    router: "npm:^2.2.0"
    send: "npm:^1.1.0"
    serve-static: "npm:^2.2.0"
    statuses: "npm:^2.0.1"
    type-is: "npm:^2.0.1"
    vary: "npm:^1.1.2"
  checksum: 10c0/80ce7c53c5f56887d759b94c3f2283e2e51066c98d4b72a4cc1338e832b77f1e54f30d0239cc10815a0f849bdb753e6a284d2fa48d4ab56faf9c501f55d751d6
  languageName: node
  linkType: hard

"finalhandler@npm:^2.1.0":
  version: 2.1.0
  resolution: "finalhandler@npm:2.1.0"
  dependencies:
    debug: "npm:^4.4.0"
    encodeurl: "npm:^2.0.0"
    escape-html: "npm:^1.0.3"
    on-finished: "npm:^2.4.1"
    parseurl: "npm:^1.3.3"
    statuses: "npm:^2.0.1"
  checksum: 10c0/da0bbca6d03873472ee890564eb2183f4ed377f25f3628a0fc9d16dac40bed7b150a0d82ebb77356e4c6d97d2796ad2dba22948b951dddee2c8768b0d1b9fb1f
  languageName: node
  linkType: hard

"forwarded@npm:0.2.0":
  version: 0.2.0
  resolution: "forwarded@npm:0.2.0"
  checksum: 10c0/9b67c3fac86acdbc9ae47ba1ddd5f2f81526fa4c8226863ede5600a3f7c7416ef451f6f1e240a3cc32d0fd79fcfe6beb08fd0da454f360032bde70bf80afbb33
  languageName: node
  linkType: hard

"fresh@npm:^2.0.0":
  version: 2.0.0
  resolution: "fresh@npm:2.0.0"
  checksum: 10c0/0557548194cb9a809a435bf92bcfbc20c89e8b5eb38861b73ced36750437251e39a111fc3a18b98531be9dd91fe1411e4969f229dc579ec0251ce6c5d4900bbc
  languageName: node
  linkType: hard

"function-bind@npm:^1.1.2":
  version: 1.1.2
  resolution: "function-bind@npm:1.1.2"
  checksum: 10c0/d8680ee1e5fcd4c197e4ac33b2b4dce03c71f4d91717292785703db200f5c21f977c568d28061226f9b5900cbcd2c84463646134fd5337e7925e0942bc3f46d5
  languageName: node
  linkType: hard

"get-intrinsic@npm:^1.2.5, get-intrinsic@npm:^1.3.0":
  version: 1.3.0
  resolution: "get-intrinsic@npm:1.3.0"
  dependencies:
    call-bind-apply-helpers: "npm:^1.0.2"
    es-define-property: "npm:^1.0.1"
    es-errors: "npm:^1.3.0"
    es-object-atoms: "npm:^1.1.1"
    function-bind: "npm:^1.1.2"
    get-proto: "npm:^1.0.1"
    gopd: "npm:^1.2.0"
    has-symbols: "npm:^1.1.0"
    hasown: "npm:^2.0.2"
    math-intrinsics: "npm:^1.1.0"
  checksum: 10c0/52c81808af9a8130f581e6a6a83e1ba4a9f703359e7a438d1369a5267a25412322f03dcbd7c549edaef0b6214a0630a28511d7df0130c93cfd380f4fa0b5b66a
  languageName: node
  linkType: hard

"get-proto@npm:^1.0.1":
  version: 1.0.1
  resolution: "get-proto@npm:1.0.1"
  dependencies:
    dunder-proto: "npm:^1.0.1"
    es-object-atoms: "npm:^1.0.0"
  checksum: 10c0/9224acb44603c5526955e83510b9da41baf6ae73f7398875fba50edc5e944223a89c4a72b070fcd78beb5f7bdda58ecb6294adc28f7acfc0da05f76a2399643c
  languageName: node
  linkType: hard

"gopd@npm:^1.2.0":
  version: 1.2.0
  resolution: "gopd@npm:1.2.0"
  checksum: 10c0/50fff1e04ba2b7737c097358534eacadad1e68d24cccee3272e04e007bed008e68d2614f3987788428fd192a5ae3889d08fb2331417e4fc4a9ab366b2043cead
  languageName: node
  linkType: hard

"has-symbols@npm:^1.1.0":
  version: 1.1.0
  resolution: "has-symbols@npm:1.1.0"
  checksum: 10c0/dde0a734b17ae51e84b10986e651c664379018d10b91b6b0e9b293eddb32f0f069688c841fb40f19e9611546130153e0a2a48fd7f512891fb000ddfa36f5a20e
  languageName: node
  linkType: hard

"hasown@npm:^2.0.2":
  version: 2.0.2
  resolution: "hasown@npm:2.0.2"
  dependencies:
    function-bind: "npm:^1.1.2"
  checksum: 10c0/3769d434703b8ac66b209a4cca0737519925bbdb61dd887f93a16372b14694c63ff4e797686d87c90f08168e81082248b9b028bad60d4da9e0d1148766f56eb9
  languageName: node
  linkType: hard

"http-errors@npm:2.0.0, http-errors@npm:^2.0.0":
  version: 2.0.0
  resolution: "http-errors@npm:2.0.0"
  dependencies:
    depd: "npm:2.0.0"
    inherits: "npm:2.0.4"
    setprototypeof: "npm:1.2.0"
    statuses: "npm:2.0.1"
    toidentifier: "npm:1.0.1"
  checksum: 10c0/fc6f2715fe188d091274b5ffc8b3657bd85c63e969daa68ccb77afb05b071a4b62841acb7a21e417b5539014dff2ebf9550f0b14a9ff126f2734a7c1387f8e19
  languageName: node
  linkType: hard

"iconv-lite@npm:0.6.3, iconv-lite@npm:^0.6.3":
  version: 0.6.3
  resolution: "iconv-lite@npm:0.6.3"
  dependencies:
    safer-buffer: "npm:>= 2.1.2 < 3.0.0"
  checksum: 10c0/98102bc66b33fcf5ac044099d1257ba0b7ad5e3ccd3221f34dd508ab4070edff183276221684e1e0555b145fce0850c9f7d2b60a9fcac50fbb4ea0d6e845a3b1
  languageName: node
  linkType: hard

"inherits@npm:2.0.4":
  version: 2.0.4
  resolution: "inherits@npm:2.0.4"
  checksum: 10c0/4e531f648b29039fb7426fb94075e6545faa1eb9fe83c29f0b6d9e7263aceb4289d2d4557db0d428188eeb449cc7c5e77b0a0b2c4e248ff2a65933a0dee49ef2
  languageName: node
  linkType: hard

"ipaddr.js@npm:1.9.1":
  version: 1.9.1
  resolution: "ipaddr.js@npm:1.9.1"
  checksum: 10c0/0486e775047971d3fdb5fb4f063829bac45af299ae0b82dcf3afa2145338e08290563a2a70f34b732d795ecc8311902e541a8530eeb30d75860a78ff4e94ce2a
  languageName: node
  linkType: hard

"is-promise@npm:^4.0.0":
  version: 4.0.0
  resolution: "is-promise@npm:4.0.0"
  checksum: 10c0/ebd5c672d73db781ab33ccb155fb9969d6028e37414d609b115cc534654c91ccd061821d5b987eefaa97cf4c62f0b909bb2f04db88306de26e91bfe8ddc01503
  languageName: node
  linkType: hard

"isexe@npm:^2.0.0":
  version: 2.0.0
  resolution: "isexe@npm:2.0.0"
  checksum: 10c0/228cfa503fadc2c31596ab06ed6aa82c9976eec2bfd83397e7eaf06d0ccf42cd1dfd6743bf9aeb01aebd4156d009994c5f76ea898d2832c1fe342da923ca457d
  languageName: node
  linkType: hard

"make-error@npm:^1.1.1":
  version: 1.3.6
  resolution: "make-error@npm:1.3.6"
  checksum: 10c0/171e458d86854c6b3fc46610cfacf0b45149ba043782558c6875d9f42f222124384ad0b468c92e996d815a8a2003817a710c0a160e49c1c394626f76fa45396f
  languageName: node
  linkType: hard

"math-intrinsics@npm:^1.1.0":
  version: 1.1.0
  resolution: "math-intrinsics@npm:1.1.0"
  checksum: 10c0/7579ff94e899e2f76ab64491d76cf606274c874d8f2af4a442c016bd85688927fcfca157ba6bf74b08e9439dc010b248ce05b96cc7c126a354c3bae7fcb48b7f
  languageName: node
  linkType: hard

"mcp-petstore@workspace:.":
  version: 0.0.0-use.local
  resolution: "mcp-petstore@workspace:."
  dependencies:
    "@modelcontextprotocol/sdk": "npm:1.10.1"
    "@types/node": "npm:^20.0.0"
    orval: "link:../../../packages/orval/dist"
    ts-node: "npm:^10.9.2"
    typescript: "npm:^5.8.2"
    zod: "npm:^3.24.3"
  languageName: unknown
  linkType: soft

"media-typer@npm:^1.1.0":
  version: 1.1.0
  resolution: "media-typer@npm:1.1.0"
  checksum: 10c0/7b4baa40b25964bb90e2121ee489ec38642127e48d0cc2b6baa442688d3fde6262bfdca86d6bbf6ba708784afcac168c06840c71facac70e390f5f759ac121b9
  languageName: node
  linkType: hard

"merge-descriptors@npm:^2.0.0":
  version: 2.0.0
  resolution: "merge-descriptors@npm:2.0.0"
  checksum: 10c0/95389b7ced3f9b36fbdcf32eb946dc3dd1774c2fdf164609e55b18d03aa499b12bd3aae3a76c1c7185b96279e9803525550d3eb292b5224866060a288f335cb3
  languageName: node
  linkType: hard

"mime-db@npm:^1.54.0":
  version: 1.54.0
  resolution: "mime-db@npm:1.54.0"
  checksum: 10c0/8d907917bc2a90fa2df842cdf5dfeaf509adc15fe0531e07bb2f6ab15992416479015828d6a74200041c492e42cce3ebf78e5ce714388a0a538ea9c53eece284
  languageName: node
  linkType: hard

"mime-types@npm:^3.0.0, mime-types@npm:^3.0.1":
  version: 3.0.1
  resolution: "mime-types@npm:3.0.1"
  dependencies:
    mime-db: "npm:^1.54.0"
  checksum: 10c0/bd8c20d3694548089cf229016124f8f40e6a60bbb600161ae13e45f793a2d5bb40f96bbc61f275836696179c77c1d6bf4967b2a75e0a8ad40fe31f4ed5be4da5
  languageName: node
  linkType: hard

"ms@npm:^2.1.3":
  version: 2.1.3
  resolution: "ms@npm:2.1.3"
  checksum: 10c0/d924b57e7312b3b63ad21fc5b3dc0af5e78d61a1fc7cfb5457edaf26326bf62be5307cc87ffb6862ef1c2b33b0233cdb5d4f01c4c958cc0d660948b65a287a48
  languageName: node
  linkType: hard

"negotiator@npm:^1.0.0":
  version: 1.0.0
  resolution: "negotiator@npm:1.0.0"
  checksum: 10c0/4c559dd52669ea48e1914f9d634227c561221dd54734070791f999c52ed0ff36e437b2e07d5c1f6e32909fc625fe46491c16e4a8f0572567d4dd15c3a4fda04b
  languageName: node
  linkType: hard

"object-assign@npm:^4":
  version: 4.1.1
  resolution: "object-assign@npm:4.1.1"
  checksum: 10c0/1f4df9945120325d041ccf7b86f31e8bcc14e73d29171e37a7903050e96b81323784ec59f93f102ec635bcf6fa8034ba3ea0a8c7e69fa202b87ae3b6cec5a414
  languageName: node
  linkType: hard

"object-inspect@npm:^1.13.3":
  version: 1.13.4
  resolution: "object-inspect@npm:1.13.4"
  checksum: 10c0/d7f8711e803b96ea3191c745d6f8056ce1f2496e530e6a19a0e92d89b0fa3c76d910c31f0aa270432db6bd3b2f85500a376a83aaba849a8d518c8845b3211692
  languageName: node
  linkType: hard

"on-finished@npm:^2.4.1":
  version: 2.4.1
  resolution: "on-finished@npm:2.4.1"
  dependencies:
    ee-first: "npm:1.1.1"
  checksum: 10c0/46fb11b9063782f2d9968863d9cbba33d77aa13c17f895f56129c274318b86500b22af3a160fe9995aa41317efcd22941b6eba747f718ced08d9a73afdb087b4
  languageName: node
  linkType: hard

"once@npm:^1.4.0":
  version: 1.4.0
  resolution: "once@npm:1.4.0"
  dependencies:
    wrappy: "npm:1"
  checksum: 10c0/5d48aca287dfefabd756621c5dfce5c91a549a93e9fdb7b8246bc4c4790aa2ec17b34a260530474635147aeb631a2dcc8b32c613df0675f96041cbb8244517d0
  languageName: node
  linkType: hard

"orval@link:../../../packages/orval/dist::locator=mcp-petstore%40workspace%3A.":
  version: 0.0.0-use.local
  resolution: "orval@link:../../../packages/orval/dist::locator=mcp-petstore%40workspace%3A."
  languageName: node
  linkType: soft

"parseurl@npm:^1.3.3":
  version: 1.3.3
  resolution: "parseurl@npm:1.3.3"
  checksum: 10c0/90dd4760d6f6174adb9f20cf0965ae12e23879b5f5464f38e92fce8073354341e4b3b76fa3d878351efe7d01e617121955284cfd002ab087fba1a0726ec0b4f5
  languageName: node
  linkType: hard

"path-key@npm:^3.1.0":
  version: 3.1.1
  resolution: "path-key@npm:3.1.1"
  checksum: 10c0/748c43efd5a569c039d7a00a03b58eecd1d75f3999f5a28303d75f521288df4823bc057d8784eb72358b2895a05f29a070bc9f1f17d28226cc4e62494cc58c4c
  languageName: node
  linkType: hard

"path-to-regexp@npm:^8.0.0":
  version: 8.2.0
  resolution: "path-to-regexp@npm:8.2.0"
  checksum: 10c0/ef7d0a887b603c0a142fad16ccebdcdc42910f0b14830517c724466ad676107476bba2fe9fffd28fd4c141391ccd42ea426f32bb44c2c82ecaefe10c37b90f5a
  languageName: node
  linkType: hard

"pkce-challenge@npm:^5.0.0":
  version: 5.0.0
  resolution: "pkce-challenge@npm:5.0.0"
  checksum: 10c0/c6706d627fdbb6f22bf8cc5d60d96d6b6a7bb481399b336a3d3f4e9bfba3e167a2c32f8ec0b5e74be686a0ba3bcc9894865d4c2dd1b91cea4c05dba1f28602c3
  languageName: node
  linkType: hard

"proxy-addr@npm:^2.0.7":
  version: 2.0.7
  resolution: "proxy-addr@npm:2.0.7"
  dependencies:
    forwarded: "npm:0.2.0"
    ipaddr.js: "npm:1.9.1"
  checksum: 10c0/c3eed999781a35f7fd935f398b6d8920b6fb00bbc14287bc6de78128ccc1a02c89b95b56742bf7cf0362cc333c61d138532049c7dedc7a328ef13343eff81210
  languageName: node
  linkType: hard

"qs@npm:^6.14.0":
  version: 6.14.0
  resolution: "qs@npm:6.14.0"
  dependencies:
    side-channel: "npm:^1.1.0"
  checksum: 10c0/8ea5d91bf34f440598ee389d4a7d95820e3b837d3fd9f433871f7924801becaa0cd3b3b4628d49a7784d06a8aea9bc4554d2b6d8d584e2d221dc06238a42909c
  languageName: node
  linkType: hard

"range-parser@npm:^1.2.1":
  version: 1.2.1
  resolution: "range-parser@npm:1.2.1"
  checksum: 10c0/96c032ac2475c8027b7a4e9fe22dc0dfe0f6d90b85e496e0f016fbdb99d6d066de0112e680805075bd989905e2123b3b3d002765149294dce0c1f7f01fcc2ea0
  languageName: node
  linkType: hard

"raw-body@npm:^3.0.0":
  version: 3.0.0
  resolution: "raw-body@npm:3.0.0"
  dependencies:
    bytes: "npm:3.1.2"
    http-errors: "npm:2.0.0"
    iconv-lite: "npm:0.6.3"
    unpipe: "npm:1.0.0"
  checksum: 10c0/f8daf4b724064a4811d118745a781ca0fb4676298b8adadfd6591155549cfea0a067523cf7dd3baeb1265fecc9ce5dfb2fc788c12c66b85202a336593ece0f87
  languageName: node
  linkType: hard

"router@npm:^2.2.0":
  version: 2.2.0
  resolution: "router@npm:2.2.0"
  dependencies:
    debug: "npm:^4.4.0"
    depd: "npm:^2.0.0"
    is-promise: "npm:^4.0.0"
    parseurl: "npm:^1.3.3"
    path-to-regexp: "npm:^8.0.0"
  checksum: 10c0/3279de7450c8eae2f6e095e9edacbdeec0abb5cb7249c6e719faa0db2dba43574b4fff5892d9220631c9abaff52dd3cad648cfea2aaace845e1a071915ac8867
  languageName: node
  linkType: hard

"safe-buffer@npm:5.2.1":
  version: 5.2.1
  resolution: "safe-buffer@npm:5.2.1"
  checksum: 10c0/6501914237c0a86e9675d4e51d89ca3c21ffd6a31642efeba25ad65720bce6921c9e7e974e5be91a786b25aa058b5303285d3c15dbabf983a919f5f630d349f3
  languageName: node
  linkType: hard

"safer-buffer@npm:>= 2.1.2 < 3.0.0":
  version: 2.1.2
  resolution: "safer-buffer@npm:2.1.2"
  checksum: 10c0/7e3c8b2e88a1841c9671094bbaeebd94448111dd90a81a1f606f3f67708a6ec57763b3b47f06da09fc6054193e0e6709e77325415dc8422b04497a8070fa02d4
  languageName: node
  linkType: hard

"send@npm:^1.1.0, send@npm:^1.2.0":
  version: 1.2.0
  resolution: "send@npm:1.2.0"
  dependencies:
    debug: "npm:^4.3.5"
    encodeurl: "npm:^2.0.0"
    escape-html: "npm:^1.0.3"
    etag: "npm:^1.8.1"
    fresh: "npm:^2.0.0"
    http-errors: "npm:^2.0.0"
    mime-types: "npm:^3.0.1"
    ms: "npm:^2.1.3"
    on-finished: "npm:^2.4.1"
    range-parser: "npm:^1.2.1"
    statuses: "npm:^2.0.1"
  checksum: 10c0/531bcfb5616948d3468d95a1fd0adaeb0c20818ba4a500f439b800ca2117971489e02074ce32796fd64a6772ea3e7235fe0583d8241dbd37a053dc3378eff9a5
  languageName: node
  linkType: hard

"serve-static@npm:^2.2.0":
  version: 2.2.0
  resolution: "serve-static@npm:2.2.0"
  dependencies:
    encodeurl: "npm:^2.0.0"
    escape-html: "npm:^1.0.3"
    parseurl: "npm:^1.3.3"
    send: "npm:^1.2.0"
  checksum: 10c0/30e2ed1dbff1984836cfd0c65abf5d3f3f83bcd696c99d2d3c97edbd4e2a3ff4d3f87108a7d713640d290a7b6fe6c15ddcbc61165ab2eaad48ea8d3b52c7f913
  languageName: node
  linkType: hard

"setprototypeof@npm:1.2.0":
  version: 1.2.0
  resolution: "setprototypeof@npm:1.2.0"
  checksum: 10c0/68733173026766fa0d9ecaeb07f0483f4c2dc70ca376b3b7c40b7cda909f94b0918f6c5ad5ce27a9160bdfb475efaa9d5e705a11d8eaae18f9835d20976028bc
  languageName: node
  linkType: hard

"shebang-command@npm:^2.0.0":
  version: 2.0.0
  resolution: "shebang-command@npm:2.0.0"
  dependencies:
    shebang-regex: "npm:^3.0.0"
  checksum: 10c0/a41692e7d89a553ef21d324a5cceb5f686d1f3c040759c50aab69688634688c5c327f26f3ecf7001ebfd78c01f3c7c0a11a7c8bfd0a8bc9f6240d4f40b224e4e
  languageName: node
  linkType: hard

"shebang-regex@npm:^3.0.0":
  version: 3.0.0
  resolution: "shebang-regex@npm:3.0.0"
  checksum: 10c0/1dbed0726dd0e1152a92696c76c7f06084eb32a90f0528d11acd764043aacf76994b2fb30aa1291a21bd019d6699164d048286309a278855ee7bec06cf6fb690
  languageName: node
  linkType: hard

"side-channel-list@npm:^1.0.0":
  version: 1.0.0
  resolution: "side-channel-list@npm:1.0.0"
  dependencies:
    es-errors: "npm:^1.3.0"
    object-inspect: "npm:^1.13.3"
  checksum: 10c0/644f4ac893456c9490ff388bf78aea9d333d5e5bfc64cfb84be8f04bf31ddc111a8d4b83b85d7e7e8a7b845bc185a9ad02c052d20e086983cf59f0be517d9b3d
  languageName: node
  linkType: hard

"side-channel-map@npm:^1.0.1":
  version: 1.0.1
  resolution: "side-channel-map@npm:1.0.1"
  dependencies:
    call-bound: "npm:^1.0.2"
    es-errors: "npm:^1.3.0"
    get-intrinsic: "npm:^1.2.5"
    object-inspect: "npm:^1.13.3"
  checksum: 10c0/010584e6444dd8a20b85bc926d934424bd809e1a3af941cace229f7fdcb751aada0fb7164f60c2e22292b7fa3c0ff0bce237081fd4cdbc80de1dc68e95430672
  languageName: node
  linkType: hard

"side-channel-weakmap@npm:^1.0.2":
  version: 1.0.2
  resolution: "side-channel-weakmap@npm:1.0.2"
  dependencies:
    call-bound: "npm:^1.0.2"
    es-errors: "npm:^1.3.0"
    get-intrinsic: "npm:^1.2.5"
    object-inspect: "npm:^1.13.3"
    side-channel-map: "npm:^1.0.1"
  checksum: 10c0/71362709ac233e08807ccd980101c3e2d7efe849edc51455030327b059f6c4d292c237f94dc0685031dd11c07dd17a68afde235d6cf2102d949567f98ab58185
  languageName: node
  linkType: hard

"side-channel@npm:^1.1.0":
  version: 1.1.0
  resolution: "side-channel@npm:1.1.0"
  dependencies:
    es-errors: "npm:^1.3.0"
    object-inspect: "npm:^1.13.3"
    side-channel-list: "npm:^1.0.0"
    side-channel-map: "npm:^1.0.1"
    side-channel-weakmap: "npm:^1.0.2"
  checksum: 10c0/cb20dad41eb032e6c24c0982e1e5a24963a28aa6122b4f05b3f3d6bf8ae7fd5474ef382c8f54a6a3ab86e0cac4d41a23bd64ede3970e5bfb50326ba02a7996e6
  languageName: node
  linkType: hard

"statuses@npm:2.0.1, statuses@npm:^2.0.1":
  version: 2.0.1
  resolution: "statuses@npm:2.0.1"
  checksum: 10c0/34378b207a1620a24804ce8b5d230fea0c279f00b18a7209646d5d47e419d1cc23e7cbf33a25a1e51ac38973dc2ac2e1e9c647a8e481ef365f77668d72becfd0
  languageName: node
  linkType: hard

"toidentifier@npm:1.0.1":
  version: 1.0.1
  resolution: "toidentifier@npm:1.0.1"
  checksum: 10c0/93937279934bd66cc3270016dd8d0afec14fb7c94a05c72dc57321f8bd1fa97e5bea6d1f7c89e728d077ca31ea125b78320a616a6c6cd0e6b9cb94cb864381c1
  languageName: node
  linkType: hard

"ts-node@npm:^10.9.2":
  version: 10.9.2
  resolution: "ts-node@npm:10.9.2"
  dependencies:
    "@cspotcode/source-map-support": "npm:^0.8.0"
    "@tsconfig/node10": "npm:^1.0.7"
    "@tsconfig/node12": "npm:^1.0.7"
    "@tsconfig/node14": "npm:^1.0.0"
    "@tsconfig/node16": "npm:^1.0.2"
    acorn: "npm:^8.4.1"
    acorn-walk: "npm:^8.1.1"
    arg: "npm:^4.1.0"
    create-require: "npm:^1.1.0"
    diff: "npm:^4.0.1"
    make-error: "npm:^1.1.1"
    v8-compile-cache-lib: "npm:^3.0.1"
    yn: "npm:3.1.1"
  peerDependencies:
    "@swc/core": ">=1.2.50"
    "@swc/wasm": ">=1.2.50"
    "@types/node": "*"
    typescript: ">=2.7"
  peerDependenciesMeta:
    "@swc/core":
      optional: true
    "@swc/wasm":
      optional: true
  bin:
    ts-node: dist/bin.js
    ts-node-cwd: dist/bin-cwd.js
    ts-node-esm: dist/bin-esm.js
    ts-node-script: dist/bin-script.js
    ts-node-transpile-only: dist/bin-transpile.js
    ts-script: dist/bin-script-deprecated.js
  checksum: 10c0/5f29938489f96982a25ba650b64218e83a3357d76f7bede80195c65ab44ad279c8357264639b7abdd5d7e75fc269a83daa0e9c62fd8637a3def67254ecc9ddc2
  languageName: node
  linkType: hard

"type-is@npm:^2.0.0, type-is@npm:^2.0.1":
  version: 2.0.1
  resolution: "type-is@npm:2.0.1"
  dependencies:
    content-type: "npm:^1.0.5"
    media-typer: "npm:^1.1.0"
    mime-types: "npm:^3.0.0"
  checksum: 10c0/7f7ec0a060b16880bdad36824ab37c26019454b67d73e8a465ed5a3587440fbe158bc765f0da68344498235c877e7dbbb1600beccc94628ed05599d667951b99
  languageName: node
  linkType: hard

"typescript@npm:^5.8.2":
  version: 5.8.3
  resolution: "typescript@npm:5.8.3"
  bin:
    tsc: bin/tsc
    tsserver: bin/tsserver
  checksum: 10c0/5f8bb01196e542e64d44db3d16ee0e4063ce4f3e3966df6005f2588e86d91c03e1fb131c2581baf0fb65ee79669eea6e161cd448178986587e9f6844446dbb48
  languageName: node
  linkType: hard

"typescript@patch:typescript@npm%3A^5.8.2#optional!builtin<compat/typescript>":
  version: 5.8.3
  resolution: "typescript@patch:typescript@npm%3A5.8.3#optional!builtin<compat/typescript>::version=5.8.3&hash=5786d5"
  bin:
    tsc: bin/tsc
    tsserver: bin/tsserver
  checksum: 10c0/39117e346ff8ebd87ae1510b3a77d5d92dae5a89bde588c747d25da5c146603a99c8ee588c7ef80faaf123d89ed46f6dbd918d534d641083177d5fac38b8a1cb
  languageName: node
  linkType: hard

"undici-types@npm:~6.19.2":
  version: 6.19.8
  resolution: "undici-types@npm:6.19.8"
  checksum: 10c0/078afa5990fba110f6824823ace86073b4638f1d5112ee26e790155f481f2a868cc3e0615505b6f4282bdf74a3d8caad715fd809e870c2bb0704e3ea6082f344
  languageName: node
  linkType: hard

"unpipe@npm:1.0.0":
  version: 1.0.0
  resolution: "unpipe@npm:1.0.0"
  checksum: 10c0/193400255bd48968e5c5383730344fbb4fa114cdedfab26e329e50dd2d81b134244bb8a72c6ac1b10ab0281a58b363d06405632c9d49ca9dfd5e90cbd7d0f32c
  languageName: node
  linkType: hard

"v8-compile-cache-lib@npm:^3.0.1":
  version: 3.0.1
  resolution: "v8-compile-cache-lib@npm:3.0.1"
  checksum: 10c0/bdc36fb8095d3b41df197f5fb6f11e3a26adf4059df3213e3baa93810d8f0cc76f9a74aaefc18b73e91fe7e19154ed6f134eda6fded2e0f1c8d2272ed2d2d391
  languageName: node
  linkType: hard

"vary@npm:^1, vary@npm:^1.1.2":
  version: 1.1.2
  resolution: "vary@npm:1.1.2"
  checksum: 10c0/f15d588d79f3675135ba783c91a4083dcd290a2a5be9fcb6514220a1634e23df116847b1cc51f66bfb0644cf9353b2abb7815ae499bab06e46dd33c1a6bf1f4f
  languageName: node
  linkType: hard

"which@npm:^2.0.1":
  version: 2.0.2
  resolution: "which@npm:2.0.2"
  dependencies:
    isexe: "npm:^2.0.0"
  bin:
    node-which: ./bin/node-which
  checksum: 10c0/66522872a768b60c2a65a57e8ad184e5372f5b6a9ca6d5f033d4b0dc98aff63995655a7503b9c0a2598936f532120e81dd8cc155e2e92ed662a2b9377cc4374f
  languageName: node
  linkType: hard

"wrappy@npm:1":
  version: 1.0.2
  resolution: "wrappy@npm:1.0.2"
  checksum: 10c0/56fece1a4018c6a6c8e28fbc88c87e0fbf4ea8fd64fc6c63b18f4acc4bd13e0ad2515189786dd2c30d3eec9663d70f4ecf699330002f8ccb547e4a18231fc9f0
  languageName: node
  linkType: hard

"yn@npm:3.1.1":
  version: 3.1.1
  resolution: "yn@npm:3.1.1"
  checksum: 10c0/0732468dd7622ed8a274f640f191f3eaf1f39d5349a1b72836df484998d7d9807fbea094e2f5486d6b0cd2414aad5775972df0e68f8604db89a239f0f4bf7443
  languageName: node
  linkType: hard

"zod-to-json-schema@npm:^3.24.1":
  version: 3.24.5
  resolution: "zod-to-json-schema@npm:3.24.5"
  peerDependencies:
    zod: ^3.24.1
  checksum: 10c0/0745b94ba53e652d39f262641cdeb2f75d24339fb6076a38ce55bcf53d82dfaea63adf524ebc5f658681005401687f8e9551c4feca7c4c882e123e66091dfb90
  languageName: node
  linkType: hard

"zod@npm:^3.23.8, zod@npm:^3.24.3":
  version: 3.24.3
  resolution: "zod@npm:3.24.3"
  checksum: 10c0/ab0369810968d0329a1a141e9418e01e5c9c2a4905cbb7cb7f5a131d6e9487596e1400e21eeff24c4a8ee28dacfa5bd6103893765c055b7a98c2006a5a4fc68d
  languageName: node
  linkType: hard
