# This file is generated by running "yarn install" inside your project.
# Manual changes might be lost - proceed with caution!

__metadata:
  version: 8
  cacheKey: 10c0

"@babel/runtime@npm:^7.12.5, @babel/runtime@npm:^7.5.5, @babel/runtime@npm:^7.6.2, @babel/runtime@npm:^7.7.2":
  version: 7.15.4
  resolution: "@babel/runtime@npm:7.15.4"
  dependencies:
    regenerator-runtime: "npm:^0.13.4"
  checksum: 10c0/2e366347254c9d3e738641d88a086cdfb1de516111e50ebbe9e6b5d8ed78d41819cf991fc0804fa50e04ae7a2157cc28ef3b4180781af5fecfe65310d7ebf301
  languageName: node
  linkType: hard

"@faker-js/faker@npm:^8.0.2":
  version: 8.1.0
  resolution: "@faker-js/faker@npm:8.1.0"
  checksum: 10c0/e930fdebe46414174093f534418836e0fdd70c027caa25fbd2fa816f62f855616238402270c5a0033df987da8e8c97029820997788f1d6115ff1b7dc635bd00d
  languageName: node
  linkType: hard

"axios@npm:^0.26.1":
  version: 0.26.1
  resolution: "axios@npm:0.26.1"
  dependencies:
    follow-redirects: "npm:^1.14.8"
  checksum: 10c0/77ad7f1e6ca04fcd3fa8af1795b09d8b7c005b71a31f28d99ba40cda0bdcc12a4627801d7fac5efa62b9f667a8402bd54c669039694373bc8d44f6be611f785c
  languageName: node
  linkType: hard

"balanced-match@npm:^1.0.0":
  version: 1.0.2
  resolution: "balanced-match@npm:1.0.2"
  checksum: 10c0/9308baf0a7e4838a82bbfd11e01b1cb0f0cf2893bc1676c27c2a8c0e70cbae1c59120c3268517a8ae7fb6376b4639ef81ca22582611dbee4ed28df945134aaee
  languageName: node
  linkType: hard

"big-integer@npm:^1.6.16":
  version: 1.6.50
  resolution: "big-integer@npm:1.6.50"
  checksum: 10c0/03c8b0f4e7838b68fc89ae937e7f2aa307c26a7942378264eb8386381478482edc52cad66e8d6e4b4cd38ae8de556a74ef7e8ce533d674527c8b42e570b91f4e
  languageName: node
  linkType: hard

"brace-expansion@npm:^1.1.7":
  version: 1.1.11
  resolution: "brace-expansion@npm:1.1.11"
  dependencies:
    balanced-match: "npm:^1.0.0"
    concat-map: "npm:0.0.1"
  checksum: 10c0/695a56cd058096a7cb71fb09d9d6a7070113c7be516699ed361317aca2ec169f618e28b8af352e02ab4233fb54eb0168460a40dc320bab0034b36ab59aaad668
  languageName: node
  linkType: hard

"broadcast-channel@npm:^3.4.1":
  version: 3.7.0
  resolution: "broadcast-channel@npm:3.7.0"
  dependencies:
    "@babel/runtime": "npm:^7.7.2"
    detect-node: "npm:^2.1.0"
    js-sha3: "npm:0.8.0"
    microseconds: "npm:0.2.0"
    nano-time: "npm:1.0.0"
    oblivious-set: "npm:1.0.0"
    rimraf: "npm:3.0.2"
    unload: "npm:2.2.0"
  checksum: 10c0/95978446f24c685be666f5508a91350bcd4075c08feda929d26c0c678fb24bd421901f19fa8d36cb6f5ed480a334072f3bdce48fa177a8cb29793d88693911cc
  languageName: node
  linkType: hard

"concat-map@npm:0.0.1":
  version: 0.0.1
  resolution: "concat-map@npm:0.0.1"
  checksum: 10c0/c996b1cfdf95b6c90fee4dae37e332c8b6eb7d106430c17d538034c0ad9a1630cb194d2ab37293b1bdd4d779494beee7786d586a50bd9376fd6f7bcc2bd4c98f
  languageName: node
  linkType: hard

"detect-node@npm:^2.0.4, detect-node@npm:^2.1.0":
  version: 2.1.0
  resolution: "detect-node@npm:2.1.0"
  checksum: 10c0/f039f601790f2e9d4654e499913259a798b1f5246ae24f86ab5e8bd4aaf3bce50484234c494f11fb00aecb0c6e2733aa7b1cf3f530865640b65fbbd65b2c4e09
  languageName: node
  linkType: hard

"follow-redirects@npm:^1.14.8":
  version: 1.14.9
  resolution: "follow-redirects@npm:1.14.9"
  peerDependenciesMeta:
    debug:
      optional: true
  checksum: 10c0/08c465c17cbf3011ad16516609ee476abffa8fd1ff78c2082f1ff43614cb06586a0ccc8e99e5ebe13da06d064367cb269789e3ca0e93e2ad5b24fdc30b4294b6
  languageName: node
  linkType: hard

"fs.realpath@npm:^1.0.0":
  version: 1.0.0
  resolution: "fs.realpath@npm:1.0.0"
  checksum: 10c0/444cf1291d997165dfd4c0d58b69f0e4782bfd9149fd72faa4fe299e68e0e93d6db941660b37dd29153bf7186672ececa3b50b7e7249477b03fdf850f287c948
  languageName: node
  linkType: hard

"glob@npm:^7.1.3":
  version: 7.2.0
  resolution: "glob@npm:7.2.0"
  dependencies:
    fs.realpath: "npm:^1.0.0"
    inflight: "npm:^1.0.4"
    inherits: "npm:2"
    minimatch: "npm:^3.0.4"
    once: "npm:^1.3.0"
    path-is-absolute: "npm:^1.0.0"
  checksum: 10c0/478b40e38be5a3d514e64950e1e07e0ac120585add6a37c98d0ed24d72d9127d734d2a125786073c8deb687096e84ae82b641c441a869ada3a9cc91b68978632
  languageName: node
  linkType: hard

"inflight@npm:^1.0.4":
  version: 1.0.6
  resolution: "inflight@npm:1.0.6"
  dependencies:
    once: "npm:^1.3.0"
    wrappy: "npm:1"
  checksum: 10c0/7faca22584600a9dc5b9fca2cd5feb7135ac8c935449837b315676b4c90aa4f391ec4f42240178244b5a34e8bede1948627fda392ca3191522fc46b34e985ab2
  languageName: node
  linkType: hard

"inherits@npm:2":
  version: 2.0.4
  resolution: "inherits@npm:2.0.4"
  checksum: 10c0/4e531f648b29039fb7426fb94075e6545faa1eb9fe83c29f0b6d9e7263aceb4289d2d4557db0d428188eeb449cc7c5e77b0a0b2c4e248ff2a65933a0dee49ef2
  languageName: node
  linkType: hard

"js-sha3@npm:0.8.0":
  version: 0.8.0
  resolution: "js-sha3@npm:0.8.0"
  checksum: 10c0/43a21dc7967c871bd2c46cb1c2ae97441a97169f324e509f382d43330d8f75cf2c96dba7c806ab08a425765a9c847efdd4bffbac2d99c3a4f3de6c0218f40533
  languageName: node
  linkType: hard

"js-tokens@npm:^3.0.0 || ^4.0.0":
  version: 4.0.0
  resolution: "js-tokens@npm:4.0.0"
  checksum: 10c0/e248708d377aa058eacf2037b07ded847790e6de892bbad3dac0abba2e759cb9f121b00099a65195616badcb6eca8d14d975cb3e89eb1cfda644756402c8aeed
  languageName: node
  linkType: hard

"loose-envify@npm:^1.1.0":
  version: 1.4.0
  resolution: "loose-envify@npm:1.4.0"
  dependencies:
    js-tokens: "npm:^3.0.0 || ^4.0.0"
  bin:
    loose-envify: cli.js
  checksum: 10c0/655d110220983c1a4b9c0c679a2e8016d4b67f6e9c7b5435ff5979ecdb20d0813f4dec0a08674fcbdd4846a3f07edbb50a36811fd37930b94aaa0d9daceb017e
  languageName: node
  linkType: hard

"match-sorter@npm:^6.0.2":
  version: 6.3.1
  resolution: "match-sorter@npm:6.3.1"
  dependencies:
    "@babel/runtime": "npm:^7.12.5"
    remove-accents: "npm:0.4.2"
  checksum: 10c0/fb805e1f8cd1a41846dd5dcbba810a3bff3e1436a34a8226201d3f7518970171a7dbedb0d99677a6dce2a2925e4fc3cf1d0d82a1203ac9ef65d13d5d290b1dad
  languageName: node
  linkType: hard

"microseconds@npm:0.2.0":
  version: 0.2.0
  resolution: "microseconds@npm:0.2.0"
  checksum: 10c0/59dfae1c696c0bacd79603c4df7cd0dcc9e091b7c5556aaca9b0832017d3c0b40ad8f57ca25e0ee5709ef1973404448c4a2fea6c9c1fad7d9e197ff5c1c9c2d5
  languageName: node
  linkType: hard

"minimatch@npm:^3.0.4":
  version: 3.0.4
  resolution: "minimatch@npm:3.0.4"
  dependencies:
    brace-expansion: "npm:^1.1.7"
  checksum: 10c0/d0a2bcd93ebec08a9eef3ca83ba33c9fb6feb93932e0b4dc6aa46c5f37a9404bea7ad9ff7cafe23ce6634f1fe3b206f5315ecbb05812da6e692c21d8ecfd3dae
  languageName: node
  linkType: hard

"nano-time@npm:1.0.0":
  version: 1.0.0
  resolution: "nano-time@npm:1.0.0"
  dependencies:
    big-integer: "npm:^1.6.16"
  checksum: 10c0/3bd12e0bcd30867178afdbe8053b3dde5fdd1c665ecd348bf879863049344fbaf05cbb1d7806a825b91efbca011ee115eee52e76fb38b7da9c97931cd9e61f15
  languageName: node
  linkType: hard

"oblivious-set@npm:1.0.0":
  version: 1.0.0
  resolution: "oblivious-set@npm:1.0.0"
  checksum: 10c0/ca8640474ea1e1feb3b5c98d42f5649f114ac4513ef84774e724f22fc7e529f1de3e7f26a0d9593097ab8942ca0bb8c241f7c1bd63c3e33047dd49de3aca9805
  languageName: node
  linkType: hard

"once@npm:^1.3.0":
  version: 1.4.0
  resolution: "once@npm:1.4.0"
  dependencies:
    wrappy: "npm:1"
  checksum: 10c0/5d48aca287dfefabd756621c5dfce5c91a549a93e9fdb7b8246bc4c4790aa2ec17b34a260530474635147aeb631a2dcc8b32c613df0675f96041cbb8244517d0
  languageName: node
  linkType: hard

"orval@link:../../../packages/orval/dist::locator=react-query-form-url-encoded-mutator%40workspace%3A.":
  version: 0.0.0-use.local
  resolution: "orval@link:../../../packages/orval/dist::locator=react-query-form-url-encoded-mutator%40workspace%3A."
  languageName: node
  linkType: soft

"path-is-absolute@npm:^1.0.0":
  version: 1.0.1
  resolution: "path-is-absolute@npm:1.0.1"
  checksum: 10c0/127da03c82172a2a50099cddbf02510c1791fc2cc5f7713ddb613a56838db1e8168b121a920079d052e0936c23005562059756d653b7c544c53185efe53be078
  languageName: node
  linkType: hard

"prettier@npm:^3.0.3":
  version: 3.0.3
  resolution: "prettier@npm:3.0.3"
  bin:
    prettier: bin/prettier.cjs
  checksum: 10c0/f950887bc03c5b970d8c6dd129364acfbbc61e7b46aec5d5ce17f4adf6404e2ef43072c98b51c4786e0eaca949b307d362a773fd47502862d754b5a328fa2b26
  languageName: node
  linkType: hard

"react-query-form-url-encoded-mutator@workspace:.":
  version: 0.0.0-use.local
  resolution: "react-query-form-url-encoded-mutator@workspace:."
  dependencies:
    "@faker-js/faker": "npm:^8.0.2"
    axios: "npm:^0.26.1"
    orval: "link:../../../packages/orval/dist"
    prettier: "npm:^3.0.3"
    react: "npm:^18.2.0"
    react-query: "npm:^3.34.19"
  languageName: unknown
  linkType: soft

"react-query@npm:^3.34.19":
  version: 3.34.19
  resolution: "react-query@npm:3.34.19"
  dependencies:
    "@babel/runtime": "npm:^7.5.5"
    broadcast-channel: "npm:^3.4.1"
    match-sorter: "npm:^6.0.2"
  peerDependencies:
    react: ^16.8.0 || ^17.0.0
  peerDependenciesMeta:
    react-dom:
      optional: true
    react-native:
      optional: true
  checksum: 10c0/171de642b5f4b5cc0f2b3e05641ed8e85806cc33086787b598d999bce9afecf422f11942931960a45736cc3e774aa831fc9cfa1a4db9c1e3b34d5468b0f170c6
  languageName: node
  linkType: hard

"react@npm:^18.2.0":
  version: 18.2.0
  resolution: "react@npm:18.2.0"
  dependencies:
    loose-envify: "npm:^1.1.0"
  checksum: 10c0/b562d9b569b0cb315e44b48099f7712283d93df36b19a39a67c254c6686479d3980b7f013dc931f4a5a3ae7645eae6386b4aa5eea933baa54ecd0f9acb0902b8
  languageName: node
  linkType: hard

"regenerator-runtime@npm:^0.13.4":
  version: 0.13.9
  resolution: "regenerator-runtime@npm:0.13.9"
  checksum: 10c0/b0f26612204f061a84064d2f3361629eae09993939112b9ffc3680bb369ecd125764d6654eace9ef11b36b44282ee52b988dda946ea52d372e7599a30eea73ee
  languageName: node
  linkType: hard

"remove-accents@npm:0.4.2":
  version: 0.4.2
  resolution: "remove-accents@npm:0.4.2"
  checksum: 10c0/5cbc00efa52df29ce947a0c572ff975b011f5f197ebe7b4f6e527de26aba534cba12d502e3040b72e46ad01de3d4f2d5ef57a6593c964965e43ddb60438da0f8
  languageName: node
  linkType: hard

"rimraf@npm:3.0.2":
  version: 3.0.2
  resolution: "rimraf@npm:3.0.2"
  dependencies:
    glob: "npm:^7.1.3"
  bin:
    rimraf: bin.js
  checksum: 10c0/9cb7757acb489bd83757ba1a274ab545eafd75598a9d817e0c3f8b164238dd90eba50d6b848bd4dcc5f3040912e882dc7ba71653e35af660d77b25c381d402e8
  languageName: node
  linkType: hard

"unload@npm:2.2.0":
  version: 2.2.0
  resolution: "unload@npm:2.2.0"
  dependencies:
    "@babel/runtime": "npm:^7.6.2"
    detect-node: "npm:^2.0.4"
  checksum: 10c0/0a4f86b502e7aa35d39c27373ebeaad4f2b7da793fb3d6308e5337aab541885cfe7b339ea4a1963477bf73fddabd5d69f4f47023dad71224b4b4a25611ef7dd8
  languageName: node
  linkType: hard

"wrappy@npm:1":
  version: 1.0.2
  resolution: "wrappy@npm:1.0.2"
  checksum: 10c0/56fece1a4018c6a6c8e28fbc88c87e0fbf4ea8fd64fc6c63b18f4acc4bd13e0ad2515189786dd2c30d3eec9663d70f4ecf699330002f8ccb547e4a18231fc9f0
  languageName: node
  linkType: hard
